
Microsoft Visual Studio Solution File, Format Version 12.00
# Visual Studio Version 17
VisualStudioVersion = 17.5.33414.496
MinimumVisualStudioVersion = 10.0.40219.1
Project("{2150E333-8FDC-42A3-9474-1A3956D46DE8}") = "DfConfig", "DfConfig", "{C1FA4DCE-A5F6-4176-9A17-4C3741C5381F}"
EndProject
Project("{FAE04EC0-301F-11D3-BF4B-00C04F79EFBC}") = "DfConfig.Server", "DfConfig\DfConfig.Server\DfConfig.Server.csproj", "{6BFF9D7B-BCD0-42BC-BF49-24CDD135C1D8}"
EndProject
Global
	GlobalSection(SolutionConfigurationPlatforms) = preSolution
		Debug|Any CPU = Debug|Any CPU
		Release|Any CPU = Release|Any CPU
	EndGlobalSection
	GlobalSection(ProjectConfigurationPlatforms) = postSolution
		{6BFF9D7B-BCD0-42BC-BF49-24CDD135C1D8}.Debug|Any CPU.ActiveCfg = Debug|Any CPU
		{6BFF9D7B-BCD0-42BC-BF49-24CDD135C1D8}.Debug|Any CPU.Build.0 = Debug|Any CPU
		{6BFF9D7B-BCD0-42BC-BF49-24CDD135C1D8}.Release|Any CPU.ActiveCfg = Release|Any CPU
		{6BFF9D7B-BCD0-42BC-BF49-24CDD135C1D8}.Release|Any CPU.Build.0 = Release|Any CPU
	EndGlobalSection
	GlobalSection(SolutionProperties) = preSolution
		HideSolutionNode = FALSE
	EndGlobalSection
	GlobalSection(NestedProjects) = preSolution
		{6BFF9D7B-BCD0-42BC-BF49-24CDD135C1D8} = {C1FA4DCE-A5F6-4176-9A17-4C3741C5381F}
	EndGlobalSection
	GlobalSection(ExtensibilityGlobals) = postSolution
		SolutionGuid = {ED9A877F-D937-41CA-AA11-63F37AF99FDE}
	EndGlobalSection
EndGlobal
